Microsoft Visual Studio Solution File, Format Version 11.00
# Visual Studio 2008

Project("{61F13647-1E8A-509A-7D6A-0C1EF20430B4}") = "Memoria_Beta", "Assembly-CSharp-firstpass.csproj", "{DB6D817D-DB4F-19C2-F7AB-F02A9CE5C5F9}"
EndProject
Project("{61F13647-1E8A-509A-7D6A-0C1EF20430B4}") = "Memoria_Beta", "Assembly-CSharp.csproj", "{B93C2D04-8C1A-9F14-B306-F7646389484A}"
EndProject
Project("{61F13647-1E8A-509A-7D6A-0C1EF20430B4}") = "Memoria_Beta", "Assembly-UnityScript.unityproj", "{31B9E906-A88F-A688-E435-10C86CC7E624}"
EndProject
Global
	GlobalSection(SolutionConfigurationPlatforms) = preSolution
		Debug|Any CPU = Debug|Any CPU
		Release|Any CPU = Release|Any CPU
	EndGlobalSection
	GlobalSection(ProjectConfigurationPlatforms) = postSolution
		{DB6D817D-DB4F-19C2-F7AB-F02A9CE5C5F9}.Debug|Any CPU.ActiveCfg = Debug|Any CPU
		{DB6D817D-DB4F-19C2-F7AB-F02A9CE5C5F9}.Debug|Any CPU.Build.0 = Debug|Any CPU
		{DB6D817D-DB4F-19C2-F7AB-F02A9CE5C5F9}.Release|Any CPU.ActiveCfg = Release|Any CPU
		{DB6D817D-DB4F-19C2-F7AB-F02A9CE5C5F9}.Release|Any CPU.Build.0 = Release|Any CPU
		{B93C2D04-8C1A-9F14-B306-F7646389484A}.Debug|Any CPU.ActiveCfg = Debug|Any CPU
		{B93C2D04-8C1A-9F14-B306-F7646389484A}.Debug|Any CPU.Build.0 = Debug|Any CPU
		{B93C2D04-8C1A-9F14-B306-F7646389484A}.Release|Any CPU.ActiveCfg = Release|Any CPU
		{B93C2D04-8C1A-9F14-B306-F7646389484A}.Release|Any CPU.Build.0 = Release|Any CPU
		{31B9E906-A88F-A688-E435-10C86CC7E624}.Debug|Any CPU.ActiveCfg = Debug|Any CPU
		{31B9E906-A88F-A688-E435-10C86CC7E624}.Debug|Any CPU.Build.0 = Debug|Any CPU
		{31B9E906-A88F-A688-E435-10C86CC7E624}.Release|Any CPU.ActiveCfg = Release|Any CPU
		{31B9E906-A88F-A688-E435-10C86CC7E624}.Release|Any CPU.Build.0 = Release|Any CPU
	EndGlobalSection
	GlobalSection(SolutionProperties) = preSolution
		HideSolutionNode = FALSE
	EndGlobalSection
																																																																																																																				GlobalSection(MonoDevelopProperties) = preSolution
		StartupItem = Assembly-CSharp.csproj
		Policies = $0
		$0.TextStylePolicy = $1
		$1.EolMarker = Windows
		$1.inheritsSet = VisualStudio
		$1.inheritsScope = text/plain
		$1.scope = text/x-csharp
		$0.CSharpFormattingPolicy = $2
		$2.IndentSwitchBody = True
		$2.AnonymousMethodBraceStyle = NextLine
		$2.PropertyBraceStyle = NextLine
		$2.PropertyGetBraceStyle = NextLine
		$2.PropertySetBraceStyle = NextLine
		$2.EventBraceStyle = NextLine
		$2.EventAddBraceStyle = NextLine
		$2.EventRemoveBraceStyle = NextLine
		$2.StatementBraceStyle = NextLine
		$2.ElseNewLinePlacement = NewLine
		$2.ArrayInitializerBraceStyle = NextLine
		$2.BeforeMethodDeclarationParentheses = False
		$2.BeforeMethodCallParentheses = False
		$2.BeforeConstructorDeclarationParentheses = False
		$2.BeforeDelegateDeclarationParentheses = False
		$2.NewParentheses = False
		$2.inheritsSet = Mono
		$2.inheritsScope = text/x-csharp
		$2.scope = text/x-csharp
		$0.TextStylePolicy = $3
		$3.FileWidth = 120
		$3.TabsToSpaces = False
		$3.EolMarker = Unix
		$3.inheritsSet = VisualStudio
		$3.inheritsScope = text/plain
		$3.scope = text/plain
		$0.DotNetNamingPolicy = $4
		$4.DirectoryNamespaceAssociation = None
		$4.ResourceNamePolicy = FileFormatDefault
		$0.StandardHeader = $5
		$5.Text = 
		$5.IncludeInNewFiles = True
		$0.TextStylePolicy = $6
		$6.inheritsSet = null
		$6.scope = text/x-unitytxt
	EndGlobalSection

EndGlobal
